{
  "name": "spark",
  "version": "0.1.0",
  "lockfileVersion": 3,
  "requires": true,
  "packages": {
    "": {
      "name": "spark",
      "version": "0.1.0",
      "dependencies": {
        "chalk": "^5.4.1",
        "chokidar": "^4.0.3",
        "commander": "^13.1.0",
        "ignore": "^7.0.3",
        "marked": "^15.0.6",
        "marked-terminal": "^7.3.0",
        "mime-types": "^2.1.35",
        "open": "^10.1.0",
        "ora": "^8.2.0",
        "ws": "^8.18.0"
      },
      "bin": {
        "spark": "dist/index.js"
      },
      "devDependencies": {
        "@types/mime-types": "^2.1.4",
        "@types/node": "^22.13.0",
        "@types/ws": "^8.5.14",
        "tsx": "^4.19.0",
        "typescript": "^5.7.0"
      }
    },
    "../node_modules/.pnpm/@types+mime-types@2.1.4/node_modules/@types/mime-types": {
      "version": "2.1.4",
      "dev": true,
      "license": "MIT"
    },
    "../node_modules/.pnpm/@types+node@22.19.11/node_modules/@types/node": {
      "version": "22.19.11",
      "dev": true,
      "license": "MIT",
      "dependencies": {
        "undici-types": "~6.21.0"
      }
    },
    "../node_modules/.pnpm/@types+ws@8.18.1/node_modules/@types/ws": {
      "version": "8.18.1",
      "dev": true,
      "license": "MIT",
      "dependencies": {
        "@types/node": "*"
      }
    },
    "../node_modules/.pnpm/chalk@5.6.2/node_modules/chalk": {
      "version": "5.6.2",
      "license": "MIT",
      "devDependencies": {
        "@types/node": "^16.11.10",
        "ava": "^3.15.0",
        "c8": "^7.10.0",
        "color-convert": "^2.0.1",
        "execa": "^6.0.0",
        "log-update": "^5.0.0",
        "matcha": "^0.7.0",
        "tsd": "^0.19.0",
        "xo": "^0.57.0",
        "yoctodelay": "^2.0.0"
      },
      "engines": {
        "node": "^12.17.0 || ^14.13 || >=16.0.0"
      },
      "funding": {
        "url": "https://github.com/chalk/chalk?sponsor=1"
      }
    },
    "../node_modules/.pnpm/chokidar@4.0.3/node_modules/chokidar": {
      "version": "4.0.3",
      "license": "MIT",
      "dependencies": {
        "readdirp": "^4.0.1"
      },
      "devDependencies": {
        "@paulmillr/jsbt": "0.2.1",
        "@types/node": "20.14.8",
        "chai": "4.3.4",
        "prettier": "3.1.1",
        "rimraf": "5.0.5",
        "sinon": "12.0.1",
        "sinon-chai": "3.7.0",
        "typescript": "5.5.2",
        "upath": "2.0.1"
      },
      "engines": {
        "node": ">= 14.16.0"
      },
      "funding": {
        "url": "https://paulmillr.com/funding/"
      }
    },
    "../node_modules/.pnpm/commander@13.1.0/node_modules/commander": {
      "version": "13.1.0",
      "license": "MIT",
      "devDependencies": {
        "@eslint/js": "^9.4.0",
        "@types/jest": "^29.2.4",
        "@types/node": "^22.7.4",
        "eslint": "^9.17.0",
        "eslint-config-prettier": "^9.1.0",
        "eslint-plugin-jest": "^28.3.0",
        "globals": "^15.7.0",
        "jest": "^29.3.1",
        "prettier": "^3.2.5",
        "ts-jest": "^29.0.3",
        "tsd": "^0.31.0",
        "typescript": "^5.0.4",
        "typescript-eslint": "^8.12.2"
      },
      "engines": {
        "node": ">=18"
      }
    },
    "../node_modules/.pnpm/ignore@7.0.5/node_modules/ignore": {
      "version": "7.0.5",
      "license": "MIT",
      "devDependencies": {
        "@babel/cli": "^7.22.9",
        "@babel/core": "^7.22.9",
        "@babel/preset-env": "^7.22.9",
        "@typescript-eslint/eslint-plugin": "^8.19.1",
        "debug": "^4.3.4",
        "eslint": "^8.46.0",
        "eslint-config-ostai": "^3.0.0",
        "eslint-plugin-import": "^2.28.0",
        "mkdirp": "^3.0.1",
        "pre-suf": "^1.1.1",
        "rimraf": "^6.0.1",
        "spawn-sync": "^2.0.0",
        "tap": "^16.3.9",
        "tmp": "0.2.3",
        "ts-node": "^10.9.2",
        "typescript": "^5.6.2"
      },
      "engines": {
        "node": ">= 4"
      }
    },
    "../node_modules/.pnpm/marked-terminal@7.3.0_marked@15.0.12/node_modules/marked-terminal": {
      "version": "7.3.0",
      "license": "MIT",
      "dependencies": {
        "ansi-escapes": "^7.0.0",
        "ansi-regex": "^6.1.0",
        "chalk": "^5.4.1",
        "cli-highlight": "^2.1.11",
        "cli-table3": "^0.6.5",
        "node-emoji": "^2.2.0",
        "supports-hyperlinks": "^3.1.0"
      },
      "devDependencies": {
        "@rollup/plugin-commonjs": "^28.0.2",
        "@rollup/plugin-node-resolve": "^16.0.0",
        "cross-env": "^7.0.3",
        "marked": "^15.0.0",
        "mocha": "^11.0.1",
        "rollup": "^4.29.1"
      },
      "engines": {
        "node": ">=16.0.0"
      },
      "peerDependencies": {
        "marked": ">=1 <16"
      }
    },
    "../node_modules/.pnpm/marked@15.0.12/node_modules/marked": {
      "version": "15.0.12",
      "license": "MIT",
      "bin": {
        "marked": "bin/marked.js"
      },
      "devDependencies": {
        "@arethetypeswrong/cli": "^0.18.1",
        "@markedjs/eslint-config": "^1.0.12",
        "@markedjs/testutils": "14.1.1-0",
        "@semantic-release/commit-analyzer": "^13.0.1",
        "@semantic-release/git": "^10.0.1",
        "@semantic-release/github": "^11.0.2",
        "@semantic-release/npm": "^12.0.1",
        "@semantic-release/release-notes-generator": "^14.0.3",
        "cheerio": "1.0.0",
        "commonmark": "0.31.2",
        "cross-env": "^7.0.3",
        "dts-bundle-generator": "^9.5.1",
        "esbuild": "^0.25.3",
        "esbuild-plugin-umd-wrapper": "^3.0.0",
        "eslint": "^9.27.0",
        "highlight.js": "^11.11.1",
        "markdown-it": "14.1.0",
        "marked-highlight": "^2.2.1",
        "marked-man": "^2.1.0",
        "recheck": "^4.5.0",
        "semantic-release": "^24.2.4",
        "titleize": "^4.0.0",
        "tslib": "^2.8.1",
        "typescript": "5.8.3"
      },
      "engines": {
        "node": ">= 18"
      }
    },
    "../node_modules/.pnpm/mime-types@2.1.35/node_modules/mime-types": {
      "version": "2.1.35",
      "license": "MIT",
      "dependencies": {
        "mime-db": "1.52.0"
      },
      "devDependencies": {
        "eslint": "7.32.0",
        "eslint-config-standard": "14.1.1",
        "eslint-plugin-import": "2.25.4",
        "eslint-plugin-markdown": "2.2.1",
        "eslint-plugin-node": "11.1.0",
        "eslint-plugin-promise": "5.2.0",
        "eslint-plugin-standard": "4.1.0",
        "mocha": "9.2.2",
        "nyc": "15.1.0"
      },
      "engines": {
        "node": ">= 0.6"
      }
    },
    "../node_modules/.pnpm/open@10.2.0/node_modules/open": {
      "version": "10.2.0",
      "license": "MIT",
      "dependencies": {
        "default-browser": "^5.2.1",
        "define-lazy-prop": "^3.0.0",
        "is-inside-container": "^1.0.0",
        "wsl-utils": "^0.1.0"
      },
      "devDependencies": {
        "@types/node": "^20.10.5",
        "ava": "^6.4.0",
        "tsd": "^0.32.0",
        "xo": "^1.1.1"
      },
      "engines": {
        "node": ">=18"
      },
      "funding": {
        "url": "https://github.com/sponsors/sindresorhus"
      }
    },
    "../node_modules/.pnpm/ora@8.2.0/node_modules/ora": {
      "version": "8.2.0",
      "license": "MIT",
      "dependencies": {
        "chalk": "^5.3.0",
        "cli-cursor": "^5.0.0",
        "cli-spinners": "^2.9.2",
        "is-interactive": "^2.0.0",
        "is-unicode-supported": "^2.0.0",
        "log-symbols": "^6.0.0",
        "stdin-discarder": "^0.2.2",
        "string-width": "^7.2.0",
        "strip-ansi": "^7.1.0"
      },
      "devDependencies": {
        "@types/node": "^22.5.0",
        "ava": "^5.3.1",
        "get-stream": "^9.0.1",
        "transform-tty": "^1.0.11",
        "tsd": "^0.31.1",
        "xo": "^0.59.3"
      },
      "engines": {
        "node": ">=18"
      },
      "funding": {
        "url": "https://github.com/sponsors/sindresorhus"
      }
    },
    "../node_modules/.pnpm/tsx@4.21.0/node_modules/tsx": {
      "version": "4.21.0",
      "dev": true,
      "license": "MIT",
      "dependencies": {
        "esbuild": "~0.27.0",
        "get-tsconfig": "^4.7.5"
      },
      "bin": {
        "tsx": "dist/cli.mjs"
      },
      "engines": {
        "node": ">=18.0.0"
      },
      "optionalDependencies": {
        "fsevents": "~2.3.3"
      }
    },
    "../node_modules/.pnpm/typescript@5.9.3/node_modules/typescript": {
      "version": "5.9.3",
      "dev": true,
      "license": "Apache-2.0",
      "bin": {
        "tsc": "bin/tsc",
        "tsserver": "bin/tsserver"
      },
      "devDependencies": {
        "@dprint/formatter": "^0.4.1",
        "@dprint/typescript": "0.93.4",
        "@esfx/canceltoken": "^1.0.0",
        "@eslint/js": "^9.20.0",
        "@octokit/rest": "^21.1.1",
        "@types/chai": "^4.3.20",
        "@types/diff": "^7.0.1",
        "@types/minimist": "^1.2.5",
        "@types/mocha": "^10.0.10",
        "@types/ms": "^0.7.34",
        "@types/node": "latest",
        "@types/source-map-support": "^0.5.10",
        "@types/which": "^3.0.4",
        "@typescript-eslint/rule-tester": "^8.24.1",
        "@typescript-eslint/type-utils": "^8.24.1",
        "@typescript-eslint/utils": "^8.24.1",
        "azure-devops-node-api": "^14.1.0",
        "c8": "^10.1.3",
        "chai": "^4.5.0",
        "chokidar": "^4.0.3",
        "diff": "^7.0.0",
        "dprint": "^0.49.0",
        "esbuild": "^0.25.0",
        "eslint": "^9.20.1",
        "eslint-formatter-autolinkable-stylish": "^1.4.0",
        "eslint-plugin-regexp": "^2.7.0",
        "fast-xml-parser": "^4.5.2",
        "glob": "^10.4.5",
        "globals": "^15.15.0",
        "hereby": "^1.10.0",
        "jsonc-parser": "^3.3.1",
        "knip": "^5.44.4",
        "minimist": "^1.2.8",
        "mocha": "^10.8.2",
        "mocha-fivemat-progress-reporter": "^0.1.0",
        "monocart-coverage-reports": "^2.12.1",
        "ms": "^2.1.3",
        "picocolors": "^1.1.1",
        "playwright": "^1.50.1",
        "source-map-support": "^0.5.21",
        "tslib": "^2.8.1",
        "typescript": "^5.7.3",
        "typescript-eslint": "^8.24.1",
        "which": "^3.0.1"
      },
      "engines": {
        "node": ">=14.17"
      }
    },
    "../node_modules/.pnpm/ws@8.19.0_bufferutil@4.1.0_utf-8-validate@6.0.6/node_modules/ws": {
      "version": "8.19.0",
      "license": "MIT",
      "devDependencies": {
        "benchmark": "^2.1.4",
        "bufferutil": "^4.0.1",
        "eslint": "^9.0.0",
        "eslint-config-prettier": "^10.0.1",
        "eslint-plugin-prettier": "^5.0.0",
        "globals": "^16.0.0",
        "mocha": "^8.4.0",
        "nyc": "^15.0.0",
        "prettier": "^3.0.0",
        "utf-8-validate": "^6.0.0"
      },
      "engines": {
        "node": ">=10.0.0"
      },
      "peerDependencies": {
        "bufferutil": "^4.0.1",
        "utf-8-validate": ">=5.0.2"
      },
      "peerDependenciesMeta": {
        "bufferutil": {
          "optional": true
        },
        "utf-8-validate": {
          "optional": true
        }
      }
    },
    "node_modules/@types/mime-types": {
      "resolved": "../node_modules/.pnpm/@types+mime-types@2.1.4/node_modules/@types/mime-types",
      "link": true
    },
    "node_modules/@types/node": {
      "resolved": "../node_modules/.pnpm/@types+node@22.19.11/node_modules/@types/node",
      "link": true
    },
    "node_modules/@types/ws": {
      "resolved": "../node_modules/.pnpm/@types+ws@8.18.1/node_modules/@types/ws",
      "link": true
    },
    "node_modules/chalk": {
      "resolved": "../node_modules/.pnpm/chalk@5.6.2/node_modules/chalk",
      "link": true
    },
    "node_modules/chokidar": {
      "resolved": "../node_modules/.pnpm/chokidar@4.0.3/node_modules/chokidar",
      "link": true
    },
    "node_modules/commander": {
      "resolved": "../node_modules/.pnpm/commander@13.1.0/node_modules/commander",
      "link": true
    },
    "node_modules/ignore": {
      "resolved": "../node_modules/.pnpm/ignore@7.0.5/node_modules/ignore",
      "link": true
    },
    "node_modules/marked": {
      "resolved": "../node_modules/.pnpm/marked@15.0.12/node_modules/marked",
      "link": true
    },
    "node_modules/marked-terminal": {
      "resolved": "../node_modules/.pnpm/marked-terminal@7.3.0_marked@15.0.12/node_modules/marked-terminal",
      "link": true
    },
    "node_modules/mime-types": {
      "resolved": "../node_modules/.pnpm/mime-types@2.1.35/node_modules/mime-types",
      "link": true
    },
    "node_modules/open": {
      "resolved": "../node_modules/.pnpm/open@10.2.0/node_modules/open",
      "link": true
    },
    "node_modules/ora": {
      "resolved": "../node_modules/.pnpm/ora@8.2.0/node_modules/ora",
      "link": true
    },
    "node_modules/tsx": {
      "resolved": "../node_modules/.pnpm/tsx@4.21.0/node_modules/tsx",
      "link": true
    },
    "node_modules/typescript": {
      "resolved": "../node_modules/.pnpm/typescript@5.9.3/node_modules/typescript",
      "link": true
    },
    "node_modules/ws": {
      "resolved": "../node_modules/.pnpm/ws@8.19.0_bufferutil@4.1.0_utf-8-validate@6.0.6/node_modules/ws",
      "link": true
    }
  }
}
